
Microsoft Visual Studio Solution File, Format Version 12.00
# Visual Studio Version 16
VisualStudioVersion = 16.0.31729.503
MinimumVisualStudioVersion = 10.0.40219.1
Project("{FAE04EC0-301F-11D3-BF4B-00C04F79EFBC}") = "MVC_Generic_Repo_UnitOfWork", "MVC_Generic_Repo_UnitOfWork\MVC_Generic_Repo_UnitOfWork.csproj", "{405ACD22-E964-4C5B-AE40-7EA9B9F37F75}"
EndProject
Global
	GlobalSection(SolutionConfigurationPlatforms) = preSolution
		Debug|Any CPU = Debug|Any CPU
		Release|Any CPU = Release|Any CPU
	EndGlobalSection
	GlobalSection(ProjectConfigurationPlatforms) = postSolution
		{405ACD22-E964-4C5B-AE40-7EA9B9F37F75}.Debug|Any CPU.ActiveCfg = Debug|Any CPU
		{405ACD22-E964-4C5B-AE40-7EA9B9F37F75}.Debug|Any CPU.Build.0 = Debug|Any CPU
		{405ACD22-E964-4C5B-AE40-7EA9B9F37F75}.Release|Any CPU.ActiveCfg = Release|Any CPU
		{405ACD22-E964-4C5B-AE40-7EA9B9F37F75}.Release|Any CPU.Build.0 = Release|Any CPU
	EndGlobalSection
	GlobalSection(SolutionProperties) = preSolution
		HideSolutionNode = FALSE
	EndGlobalSection
	GlobalSection(ExtensibilityGlobals) = postSolution
		SolutionGuid = {4FA79F0F-1668-4AEB-A94B-BCED8EEBE6F1}
	EndGlobalSection
EndGlobal
